// !$*UTF8*$!
{
	archiveVersion = 1;
	classes = {
	};
	objectVersion = 46;
	objects = {

/* Begin PBXBuildFile section */
		8142895F3A32C342C89240E8 /* Pods_HermitFinal.framework in Frameworks */ = {isa = PBXBuildFile; fileRef = 0BC4F1D9DB94B15E1B0C855D /* Pods_HermitFinal.framework */; };
		A20CF0BF1B895FB8009858C2 /* SwimmerListTableViewCell.swift in Sources */ = {isa = PBXBuildFile; fileRef = A20CF0BE1B895FB8009858C2 /* SwimmerListTableViewCell.swift */; };
		A20F6F7C2AC76CE300FE73B7 /* SampleCode.xcconfig in Resources */ = {isa = PBXBuildFile; fileRef = A20F6F7B2AC76CE300FE73B7 /* SampleCode.xcconfig */; };
		A2135C1B1B898A4300BDFF86 /* FirstLaunchViewController.swift in Sources */ = {isa = PBXBuildFile; fileRef = A2135C1A1B898A4300BDFF86 /* FirstLaunchViewController.swift */; };
		A228EA761B89BBF1003D8D5A /* GearCategory.swift in Sources */ = {isa = PBXBuildFile; fileRef = A228EA751B89BBF1003D8D5A /* GearCategory.swift */; };
		A242F2FD1B893D800041C616 /* GearTypeTableViewCell.swift in Sources */ = {isa = PBXBuildFile; fileRef = A242F2FC1B893D800041C616 /* GearTypeTableViewCell.swift */; };
		A24CF9A81B89637000B48428 /* Swimmer.swift in Sources */ = {isa = PBXBuildFile; fileRef = A24CF9A71B89637000B48428 /* Swimmer.swift */; };
		A24CF9AD1B89666D00B48428 /* Gear.swift in Sources */ = {isa = PBXBuildFile; fileRef = A24CF9AC1B89666D00B48428 /* Gear.swift */; };
		A24CF9AF1B896DB700B48428 /* PhotoView.swift in Sources */ = {isa = PBXBuildFile; fileRef = A24CF9AE1B896DB700B48428 /* PhotoView.swift */; };
		A24CF9B11B896DDB00B48428 /* CellBackground.swift in Sources */ = {isa = PBXBuildFile; fileRef = A24CF9B01B896DDB00B48428 /* CellBackground.swift */; };
		A255C38F1B89B8AC00CCDF03 /* GearListTableViewController.swift in Sources */ = {isa = PBXBuildFile; fileRef = A255C38E1B89B8AC00CCDF03 /* GearListTableViewController.swift */; };
		A25B4A961B89905F00478DFD /* SourceSansPro-Bold.otf in Resources */ = {isa = PBXBuildFile; fileRef = A25B4A921B89905F00478DFD /* SourceSansPro-Bold.otf */; };
		A25B4A971B89905F00478DFD /* SourceSansPro-Light.otf in Resources */ = {isa = PBXBuildFile; fileRef = A25B4A931B89905F00478DFD /* SourceSansPro-Light.otf */; };
		A25B4A981B89905F00478DFD /* SourceSansPro-Regular.otf in Resources */ = {isa = PBXBuildFile; fileRef = A25B4A941B89905F00478DFD /* SourceSansPro-Regular.otf */; };
		A25B4A991B89905F00478DFD /* SourceSansPro-Semibold.otf in Resources */ = {isa = PBXBuildFile; fileRef = A25B4A951B89905F00478DFD /* SourceSansPro-Semibold.otf */; };
		A25FA9D71B8981D200FD1A8D /* LoginViewController.swift in Sources */ = {isa = PBXBuildFile; fileRef = A25FA9D61B8981D200FD1A8D /* LoginViewController.swift */; };
		A260D7B71B8928C4007184F7 /* AppDelegate.swift in Sources */ = {isa = PBXBuildFile; fileRef = A260D7B61B8928C4007184F7 /* AppDelegate.swift */; };
		A260D7BC1B8928C4007184F7 /* Main.storyboard in Resources */ = {isa = PBXBuildFile; fileRef = A260D7BA1B8928C4007184F7 /* Main.storyboard */; };
		A260D7BE1B8928C4007184F7 /* Images.xcassets in Resources */ = {isa = PBXBuildFile; fileRef = A260D7BD1B8928C4007184F7 /* Images.xcassets */; };
		A260D7C11B8928C4007184F7 /* LaunchScreen.xib in Resources */ = {isa = PBXBuildFile; fileRef = A260D7BF1B8928C4007184F7 /* LaunchScreen.xib */; };
		A260D7D71B892907007184F7 /* HomeTableViewController.swift in Sources */ = {isa = PBXBuildFile; fileRef = A260D7D61B892907007184F7 /* HomeTableViewController.swift */; };
		A273F5DB1B892E9E0097EE7B /* HomeTableViewCell.swift in Sources */ = {isa = PBXBuildFile; fileRef = A273F5DA1B892E9E0097EE7B /* HomeTableViewCell.swift */; };
		A273F5DD1B8931B60097EE7B /* GearTypeTableViewController.swift in Sources */ = {isa = PBXBuildFile; fileRef = A273F5DC1B8931B60097EE7B /* GearTypeTableViewController.swift */; };
		A273F5E11B8933070097EE7B /* Place.swift in Sources */ = {isa = PBXBuildFile; fileRef = A273F5E01B8933070097EE7B /* Place.swift */; };
		A2A328201B897C3200BD2B4A /* UserLocation.swift in Sources */ = {isa = PBXBuildFile; fileRef = A2A3281F1B897C3200BD2B4A /* UserLocation.swift */; };
		A2D8D5681B89BB1200FA47CB /* GearListTableViewCell.swift in Sources */ = {isa = PBXBuildFile; fileRef = A2D8D5671B89BB1200FA47CB /* GearListTableViewCell.swift */; };
		A2EADA981B89561A00E80679 /* SwimmerListTableViewController.swift in Sources */ = {isa = PBXBuildFile; fileRef = A2EADA971B89561A00E80679 /* SwimmerListTableViewController.swift */; };
/* End PBXBuildFile section */

/* Begin PBXFileReference section */
		0BC4F1D9DB94B15E1B0C855D /* Pods_HermitFinal.framework */ = {isa = PBXFileReference; explicitFileType = wrapper.framework; includeInIndex = 0; path = Pods_HermitFinal.framework; sourceTree = BUILT_PRODUCTS_DIR; };
		1BD8AAEB79A9172F1D6F6C3B /* Pods-HermitFinalTests.debug.xcconfig */ = {isa = PBXFileReference; includeInIndex = 1; lastKnownFileType = text.xcconfig; name = "Pods-HermitFinalTests.debug.xcconfig"; path = "Target Support Files/Pods-HermitFinalTests/Pods-HermitFinalTests.debug.xcconfig"; sourceTree = "<group>"; };
		4BCA4882994CF2D3304829AF /* Pods-HermitFinal.debug.xcconfig */ = {isa = PBXFileReference; includeInIndex = 1; lastKnownFileType = text.xcconfig; name = "Pods-HermitFinal.debug.xcconfig"; path = "Target Support Files/Pods-HermitFinal/Pods-HermitFinal.debug.xcconfig"; sourceTree = "<group>"; };
		6B993F9F823E1EECF990B5B8 /* Pods-HermitFinal.release.xcconfig */ = {isa = PBXFileReference; includeInIndex = 1; lastKnownFileType = text.xcconfig; name = "Pods-HermitFinal.release.xcconfig"; path = "Target Support Files/Pods-HermitFinal/Pods-HermitFinal.release.xcconfig"; sourceTree = "<group>"; };
		962C41277B4393C72794C6B0 /* Pods-HermitFinalTests.release.xcconfig */ = {isa = PBXFileReference; includeInIndex = 1; lastKnownFileType = text.xcconfig; name = "Pods-HermitFinalTests.release.xcconfig"; path = "Target Support Files/Pods-HermitFinalTests/Pods-HermitFinalTests.release.xcconfig"; sourceTree = "<group>"; };
		A20CF0BE1B895FB8009858C2 /* SwimmerListTableViewCell.swift */ = {isa = PBXFileReference; fileEncoding = 4; lastKnownFileType = sourcecode.swift; path = SwimmerListTableViewCell.swift; sourceTree = "<group>"; };
		A20F6F7B2AC76CE300FE73B7 /* SampleCode.xcconfig */ = {isa = PBXFileReference; fileEncoding = 4; lastKnownFileType = text.xcconfig; path = SampleCode.xcconfig; sourceTree = "<group>"; };
		A2135C1A1B898A4300BDFF86 /* FirstLaunchViewController.swift */ = {isa = PBXFileReference; fileEncoding = 4; lastKnownFileType = sourcecode.swift; path = FirstLaunchViewController.swift; sourceTree = "<group>"; };
		A228EA751B89BBF1003D8D5A /* GearCategory.swift */ = {isa = PBXFileReference; fileEncoding = 4; lastKnownFileType = sourcecode.swift; path = GearCategory.swift; sourceTree = "<group>"; };
		A242F2FC1B893D800041C616 /* GearTypeTableViewCell.swift */ = {isa = PBXFileReference; fileEncoding = 4; lastKnownFileType = sourcecode.swift; path = GearTypeTableViewCell.swift; sourceTree = "<group>"; };
		A24CF9A71B89637000B48428 /* Swimmer.swift */ = {isa = PBXFileReference; fileEncoding = 4; lastKnownFileType = sourcecode.swift; path = Swimmer.swift; sourceTree = "<group>"; };
		A24CF9AC1B89666D00B48428 /* Gear.swift */ = {isa = PBXFileReference; fileEncoding = 4; lastKnownFileType = sourcecode.swift; path = Gear.swift; sourceTree = "<group>"; };
		A24CF9AE1B896DB700B48428 /* PhotoView.swift */ = {isa = PBXFileReference; fileEncoding = 4; lastKnownFileType = sourcecode.swift; path = PhotoView.swift; sourceTree = "<group>"; };
		A24CF9B01B896DDB00B48428 /* CellBackground.swift */ = {isa = PBXFileReference; fileEncoding = 4; lastKnownFileType = sourcecode.swift; path = CellBackground.swift; sourceTree = "<group>"; };
		A255C38E1B89B8AC00CCDF03 /* GearListTableViewController.swift */ = {isa = PBXFileReference; fileEncoding = 4; lastKnownFileType = sourcecode.swift; path = GearListTableViewController.swift; sourceTree = "<group>"; };
		A25B4A921B89905F00478DFD /* SourceSansPro-Bold.otf */ = {isa = PBXFileReference; lastKnownFileType = file; path = "SourceSansPro-Bold.otf"; sourceTree = "<group>"; };
		A25B4A931B89905F00478DFD /* SourceSansPro-Light.otf */ = {isa = PBXFileReference; lastKnownFileType = file; path = "SourceSansPro-Light.otf"; sourceTree = "<group>"; };
		A25B4A941B89905F00478DFD /* SourceSansPro-Regular.otf */ = {isa = PBXFileReference; lastKnownFileType = file; path = "SourceSansPro-Regular.otf"; sourceTree = "<group>"; };
		A25B4A951B89905F00478DFD /* SourceSansPro-Semibold.otf */ = {isa = PBXFileReference; lastKnownFileType = file; path = "SourceSansPro-Semibold.otf"; sourceTree = "<group>"; };
		A25FA9D61B8981D200FD1A8D /* LoginViewController.swift */ = {isa = PBXFileReference; fileEncoding = 4; lastKnownFileType = sourcecode.swift; path = LoginViewController.swift; sourceTree = "<group>"; };
		A260D7B11B8928C4007184F7 /* HermitFinal.app */ = {isa = PBXFileReference; explicitFileType = wrapper.application; includeInIndex = 0; path = HermitFinal.app; sourceTree = BUILT_PRODUCTS_DIR; };
		A260D7B51B8928C4007184F7 /* Info.plist */ = {isa = PBXFileReference; lastKnownFileType = text.plist.xml; path = Info.plist; sourceTree = "<group>"; };
		A260D7B61B8928C4007184F7 /* AppDelegate.swift */ = {isa = PBXFileReference; lastKnownFileType = sourcecode.swift; path = AppDelegate.swift; sourceTree = "<group>"; };
		A260D7BB1B8928C4007184F7 /* Base */ = {isa = PBXFileReference; lastKnownFileType = file.storyboard; name = Base; path = Base.lproj/Main.storyboard; sourceTree = "<group>"; };
		A260D7BD1B8928C4007184F7 /* Images.xcassets */ = {isa = PBXFileReference; lastKnownFileType = folder.assetcatalog; path = Images.xcassets; sourceTree = "<group>"; };
		A260D7C01B8928C4007184F7 /* Base */ = {isa = PBXFileReference; lastKnownFileType = file.xib; name = Base; path = Base.lproj/LaunchScreen.xib; sourceTree = "<group>"; };
		A260D7D61B892907007184F7 /* HomeTableViewController.swift */ = {isa = PBXFileReference; fileEncoding = 4; lastKnownFileType = sourcecode.swift; path = HomeTableViewController.swift; sourceTree = "<group>"; };
		A273F5DA1B892E9E0097EE7B /* HomeTableViewCell.swift */ = {isa = PBXFileReference; fileEncoding = 4; lastKnownFileType = sourcecode.swift; path = HomeTableViewCell.swift; sourceTree = "<group>"; };
		A273F5DC1B8931B60097EE7B /* GearTypeTableViewController.swift */ = {isa = PBXFileReference; fileEncoding = 4; lastKnownFileType = sourcecode.swift; path = GearTypeTableViewController.swift; sourceTree = "<group>"; };
		A273F5E01B8933070097EE7B /* Place.swift */ = {isa = PBXFileReference; fileEncoding = 4; lastKnownFileType = sourcecode.swift; path = Place.swift; sourceTree = "<group>"; };
		A2A3281F1B897C3200BD2B4A /* UserLocation.swift */ = {isa = PBXFileReference; fileEncoding = 4; lastKnownFileType = sourcecode.swift; path = UserLocation.swift; sourceTree = "<group>"; };
		A2D8D5671B89BB1200FA47CB /* GearListTableViewCell.swift */ = {isa = PBXFileReference; fileEncoding = 4; lastKnownFileType = sourcecode.swift; path = GearListTableViewCell.swift; sourceTree = "<group>"; };
		A2EADA971B89561A00E80679 /* SwimmerListTableViewController.swift */ = {isa = PBXFileReference; fileEncoding = 4; lastKnownFileType = sourcecode.swift; path = SwimmerListTableViewController.swift; sourceTree = "<group>"; };
		D54C36F5A0E4C8778F3888AA /* Pods_HermitFinalTests.framework */ = {isa = PBXFileReference; explicitFileType = wrapper.framework; includeInIndex = 0; path = Pods_HermitFinalTests.framework; sourceTree = BUILT_PRODUCTS_DIR; };
/* End PBXFileReference section */

/* Begin PBXFrameworksBuildPhase section */
		A260D7AE1B8928C4007184F7 /* Frameworks */ = {
			isa = PBXFrameworksBuildPhase;
			buildActionMask = 2147483647;
			files = (
				8142895F3A32C342C89240E8 /* Pods_HermitFinal.framework in Frameworks */,
			);
			runOnlyForDeploymentPostprocessing = 0;
		};
/* End PBXFrameworksBuildPhase section */

/* Begin PBXGroup section */
		75445048E4A4A084C50A7E07 /* Pods */ = {
			isa = PBXGroup;
			children = (
				4BCA4882994CF2D3304829AF /* Pods-HermitFinal.debug.xcconfig */,
				6B993F9F823E1EECF990B5B8 /* Pods-HermitFinal.release.xcconfig */,
				1BD8AAEB79A9172F1D6F6C3B /* Pods-HermitFinalTests.debug.xcconfig */,
				962C41277B4393C72794C6B0 /* Pods-HermitFinalTests.release.xcconfig */,
			);
			path = Pods;
			sourceTree = "<group>";
		};
		A20F6F7A2AC76CBA00FE73B7 /* Configuration */ = {
			isa = PBXGroup;
			children = (
				A20F6F7B2AC76CE300FE73B7 /* SampleCode.xcconfig */,
			);
			path = Configuration;
			sourceTree = "<group>";
		};
		A24CF9A91B8963F400B48428 /* Model */ = {
			isa = PBXGroup;
			children = (
				A24CF9A71B89637000B48428 /* Swimmer.swift */,
				A24CF9AC1B89666D00B48428 /* Gear.swift */,
				A228EA751B89BBF1003D8D5A /* GearCategory.swift */,
				A273F5E01B8933070097EE7B /* Place.swift */,
				A2A3281F1B897C3200BD2B4A /* UserLocation.swift */,
			);
			name = Model;
			sourceTree = "<group>";
		};
		A24CF9AA1B8963FB00B48428 /* View */ = {
			isa = PBXGroup;
			children = (
				A24CF9AE1B896DB700B48428 /* PhotoView.swift */,
				A24CF9B01B896DDB00B48428 /* CellBackground.swift */,
			);
			name = View;
			sourceTree = "<group>";
		};
		A24CF9AB1B89640000B48428 /* Controller */ = {
			isa = PBXGroup;
			children = (
				A25FA9D61B8981D200FD1A8D /* LoginViewController.swift */,
				A2135C1A1B898A4300BDFF86 /* FirstLaunchViewController.swift */,
				A260D7D61B892907007184F7 /* HomeTableViewController.swift */,
				A273F5DA1B892E9E0097EE7B /* HomeTableViewCell.swift */,
				A273F5DC1B8931B60097EE7B /* GearTypeTableViewController.swift */,
				A242F2FC1B893D800041C616 /* GearTypeTableViewCell.swift */,
				A2EADA971B89561A00E80679 /* SwimmerListTableViewController.swift */,
				A20CF0BE1B895FB8009858C2 /* SwimmerListTableViewCell.swift */,
				A255C38E1B89B8AC00CCDF03 /* GearListTableViewController.swift */,
				A2D8D5671B89BB1200FA47CB /* GearListTableViewCell.swift */,
			);
			name = Controller;
			sourceTree = "<group>";
		};
		A25B4A9A1B89906500478DFD /* Fonts */ = {
			isa = PBXGroup;
			children = (
				A25B4A921B89905F00478DFD /* SourceSansPro-Bold.otf */,
				A25B4A931B89905F00478DFD /* SourceSansPro-Light.otf */,
				A25B4A941B89905F00478DFD /* SourceSansPro-Regular.otf */,
				A25B4A951B89905F00478DFD /* SourceSansPro-Semibold.otf */,
			);
			name = Fonts;
			sourceTree = "<group>";
		};
		A260D7A81B8928C4007184F7 = {
			isa = PBXGroup;
			children = (
				A260D7B31B8928C4007184F7 /* HermitFinal */,
				A20F6F7A2AC76CBA00FE73B7 /* Configuration */,
				A260D7B21B8928C4007184F7 /* Products */,
				A2A3281A1B89769600BD2B4A /* Frameworks */,
				75445048E4A4A084C50A7E07 /* Pods */,
			);
			sourceTree = "<group>";
		};
		A260D7B21B8928C4007184F7 /* Products */ = {
			isa = PBXGroup;
			children = (
				A260D7B11B8928C4007184F7 /* HermitFinal.app */,
			);
			name = Products;
			sourceTree = "<group>";
		};
		A260D7B31B8928C4007184F7 /* HermitFinal */ = {
			isa = PBXGroup;
			children = (
				A24CF9A91B8963F400B48428 /* Model */,
				A24CF9AA1B8963FB00B48428 /* View */,
				A24CF9AB1B89640000B48428 /* Controller */,
				A260D7BA1B8928C4007184F7 /* Main.storyboard */,
				A260D7D81B892910007184F7 /* Resources */,
			);
			path = HermitFinal;
			sourceTree = "<group>";
		};
		A260D7B41B8928C4007184F7 /* Supporting Files */ = {
			isa = PBXGroup;
			children = (
				A260D7B51B8928C4007184F7 /* Info.plist */,
			);
			name = "Supporting Files";
			sourceTree = "<group>";
		};
		A260D7D81B892910007184F7 /* Resources */ = {
			isa = PBXGroup;
			children = (
				A25B4A9A1B89906500478DFD /* Fonts */,
				A260D7B61B8928C4007184F7 /* AppDelegate.swift */,
				A260D7BD1B8928C4007184F7 /* Images.xcassets */,
				A260D7BF1B8928C4007184F7 /* LaunchScreen.xib */,
				A260D7B41B8928C4007184F7 /* Supporting Files */,
			);
			name = Resources;
			sourceTree = "<group>";
		};
		A2A3281A1B89769600BD2B4A /* Frameworks */ = {
			isa = PBXGroup;
			children = (
				0BC4F1D9DB94B15E1B0C855D /* Pods_HermitFinal.framework */,
				D54C36F5A0E4C8778F3888AA /* Pods_HermitFinalTests.framework */,
			);
			name = Frameworks;
			sourceTree = "<group>";
		};
/* End PBXGroup section */

/* Begin PBXNativeTarget section */
		A260D7B01B8928C4007184F7 /* HermitFinal */ = {
			isa = PBXNativeTarget;
			buildConfigurationList = A260D7D01B8928C4007184F7 /* Build configuration list for PBXNativeTarget "HermitFinal" */;
			buildPhases = (
				6048F9887E5EA5514D6EEEFF /* [CP] Check Pods Manifest.lock */,
				A260D7AD1B8928C4007184F7 /* Sources */,
				A260D7AE1B8928C4007184F7 /* Frameworks */,
				A260D7AF1B8928C4007184F7 /* Resources */,
				F805E36CD2A65EDD7A7650F4 /* [CP] Embed Pods Frameworks */,
			);
			buildRules = (
			);
			dependencies = (
			);
			name = HermitFinal;
			productName = HermitFinal;
			productReference = A260D7B11B8928C4007184F7 /* HermitFinal.app */;
			productType = "com.apple.product-type.application";
		};
/* End PBXNativeTarget section */

/* Begin PBXProject section */
		A260D7A91B8928C4007184F7 /* Project object */ = {
			isa = PBXProject;
			attributes = {
				LastSwiftUpdateCheck = 0700;
				LastUpgradeCheck = 0640;
				ORGANIZATIONNAME = "Jean Paul Marinho";
				TargetAttributes = {
					A260D7B01B8928C4007184F7 = {
						CreatedOnToolsVersion = 6.4;
						ProvisioningStyle = Automatic;
						SystemCapabilities = {
							com.apple.Maps.iOS = {
								enabled = 1;
							};
						};
					};
				};
			};
			buildConfigurationList = A260D7AC1B8928C4007184F7 /* Build configuration list for PBXProject "HermitFinal" */;
			compatibilityVersion = "Xcode 3.2";
			developmentRegion = English;
			hasScannedForEncodings = 0;
			knownRegions = (
				English,
				en,
				Base,
			);
			mainGroup = A260D7A81B8928C4007184F7;
			productRefGroup = A260D7B21B8928C4007184F7 /* Products */;
			projectDirPath = "";
			projectRoot = "";
			targets = (
				A260D7B01B8928C4007184F7 /* HermitFinal */,
			);
		};
/* End PBXProject section */

/* Begin PBXResourcesBuildPhase section */
		A260D7AF1B8928C4007184F7 /* Resources */ = {
			isa = PBXResourcesBuildPhase;
			buildActionMask = 2147483647;
			files = (
				A260D7BC1B8928C4007184F7 /* Main.storyboard in Resources */,
				A25B4A961B89905F00478DFD /* SourceSansPro-Bold.otf in Resources */,
				A25B4A981B89905F00478DFD /* SourceSansPro-Regular.otf in Resources */,
				A25B4A971B89905F00478DFD /* SourceSansPro-Light.otf in Resources */,
				A25B4A991B89905F00478DFD /* SourceSansPro-Semibold.otf in Resources */,
				A260D7C11B8928C4007184F7 /* LaunchScreen.xib in Resources */,
				A260D7BE1B8928C4007184F7 /* Images.xcassets in Resources */,
				A20F6F7C2AC76CE300FE73B7 /* SampleCode.xcconfig in Resources */,
			);
			runOnlyForDeploymentPostprocessing = 0;
		};
/* End PBXResourcesBuildPhase section */

/* Begin PBXShellScriptBuildPhase section */
		6048F9887E5EA5514D6EEEFF /* [CP] Check Pods Manifest.lock */ = {
			isa = PBXShellScriptBuildPhase;
			buildActionMask = 2147483647;
			files = (
			);
			inputFileListPaths = (
			);
			inputPaths = (
				"${PODS_PODFILE_DIR_PATH}/Podfile.lock",
				"${PODS_ROOT}/Manifest.lock",
			);
			name = "[CP] Check Pods Manifest.lock";
			outputFileListPaths = (
			);
			outputPaths = (
				"$(DERIVED_FILE_DIR)/Pods-HermitFinal-checkManifestLockResult.txt",
			);
			runOnlyForDeploymentPostprocessing = 0;
			shellPath = /bin/sh;
			shellScript = "diff \"${PODS_PODFILE_DIR_PATH}/Podfile.lock\" \"${PODS_ROOT}/Manifest.lock\" > /dev/null\nif [ $? != 0 ] ; then\n    # print error to STDERR\n    echo \"error: The sandbox is not in sync with the Podfile.lock. Run 'pod install' or update your CocoaPods installation.\" >&2\n    exit 1\nfi\n# This output is used by Xcode 'outputs' to avoid re-running this script phase.\necho \"SUCCESS\" > \"${SCRIPT_OUTPUT_FILE_0}\"\n";
			showEnvVarsInLog = 0;
		};
		F805E36CD2A65EDD7A7650F4 /* [CP] Embed Pods Frameworks */ = {
			isa = PBXShellScriptBuildPhase;
			buildActionMask = 2147483647;
			files = (
			);
			inputPaths = (
				"${PODS_ROOT}/Target Support Files/Pods-HermitFinal/Pods-HermitFinal-frameworks.sh",
				"${BUILT_PRODUCTS_DIR}/Bolts/Bolts.framework",
				"${BUILT_PRODUCTS_DIR}/GoogleUtilities/GoogleUtilities.framework",
				"${BUILT_PRODUCTS_DIR}/Parse/Parse.framework",
				"${BUILT_PRODUCTS_DIR}/SwiftyJSON/SwiftyJSON.framework",
				"${BUILT_PRODUCTS_DIR}/nanopb/nanopb.framework",
			);
			name = "[CP] Embed Pods Frameworks";
			outputPaths = (
				"${TARGET_BUILD_DIR}/${FRAMEWORKS_FOLDER_PATH}/Bolts.framework",
				"${TARGET_BUILD_DIR}/${FRAMEWORKS_FOLDER_PATH}/GoogleUtilities.framework",
				"${TARGET_BUILD_DIR}/${FRAMEWORKS_FOLDER_PATH}/Parse.framework",
				"${TARGET_BUILD_DIR}/${FRAMEWORKS_FOLDER_PATH}/SwiftyJSON.framework",
				"${TARGET_BUILD_DIR}/${FRAMEWORKS_FOLDER_PATH}/nanopb.framework",
			);
			runOnlyForDeploymentPostprocessing = 0;
			shellPath = /bin/sh;
			shellScript = "\"${PODS_ROOT}/Target Support Files/Pods-HermitFinal/Pods-HermitFinal-frameworks.sh\"\n";
			showEnvVarsInLog = 0;
		};
/* End PBXShellScriptBuildPhase section */

/* Begin PBXSourcesBuildPhase section */
		A260D7AD1B8928C4007184F7 /* Sources */ = {
			isa = PBXSourcesBuildPhase;
			buildActionMask = 2147483647;
			files = (
				A228EA761B89BBF1003D8D5A /* GearCategory.swift in Sources */,
				A242F2FD1B893D800041C616 /* GearTypeTableViewCell.swift in Sources */,
				A24CF9AF1B896DB700B48428 /* PhotoView.swift in Sources */,
				A2D8D5681B89BB1200FA47CB /* GearListTableViewCell.swift in Sources */,
				A2EADA981B89561A00E80679 /* SwimmerListTableViewController.swift in Sources */,
				A25FA9D71B8981D200FD1A8D /* LoginViewController.swift in Sources */,
				A273F5E11B8933070097EE7B /* Place.swift in Sources */,
				A20CF0BF1B895FB8009858C2 /* SwimmerListTableViewCell.swift in Sources */,
				A2A328201B897C3200BD2B4A /* UserLocation.swift in Sources */,
				A24CF9AD1B89666D00B48428 /* Gear.swift in Sources */,
				A273F5DD1B8931B60097EE7B /* GearTypeTableViewController.swift in Sources */,
				A255C38F1B89B8AC00CCDF03 /* GearListTableViewController.swift in Sources */,
				A273F5DB1B892E9E0097EE7B /* HomeTableViewCell.swift in Sources */,
				A24CF9A81B89637000B48428 /* Swimmer.swift in Sources */,
				A2135C1B1B898A4300BDFF86 /* FirstLaunchViewController.swift in Sources */,
				A24CF9B11B896DDB00B48428 /* CellBackground.swift in Sources */,
				A260D7D71B892907007184F7 /* HomeTableViewController.swift in Sources */,
				A260D7B71B8928C4007184F7 /* AppDelegate.swift in Sources */,
			);
			runOnlyForDeploymentPostprocessing = 0;
		};
/* End PBXSourcesBuildPhase section */

/* Begin PBXVariantGroup section */
		A260D7BA1B8928C4007184F7 /* Main.storyboard */ = {
			isa = PBXVariantGroup;
			children = (
				A260D7BB1B8928C4007184F7 /* Base */,
			);
			name = Main.storyboard;
			sourceTree = "<group>";
		};
		A260D7BF1B8928C4007184F7 /* LaunchScreen.xib */ = {
			isa = PBXVariantGroup;
			children = (
				A260D7C01B8928C4007184F7 /* Base */,
			);
			name = LaunchScreen.xib;
			sourceTree = "<group>";
		};
/* End PBXVariantGroup section */

/* Begin XCBuildConfiguration section */
		A260D7CE1B8928C4007184F7 /* Debug */ = {
			isa = XCBuildConfiguration;
			buildSettings = {
				ALWAYS_SEARCH_USER_PATHS = NO;
				CLANG_CXX_LANGUAGE_STANDARD = "gnu++0x";
				CLANG_CXX_LIBRARY = "libc++";
				CLANG_ENABLE_MODULES = YES;
				CLANG_ENABLE_OBJC_ARC = YES;
				CLANG_WARN_BOOL_CONVERSION = YES;
				CLANG_WARN_CONSTANT_CONVERSION = YES;
				CLANG_WARN_DIRECT_OBJC_ISA_USAGE = YES_ERROR;
				CLANG_WARN_EMPTY_BODY = YES;
				CLANG_WARN_ENUM_CONVERSION = YES;
				CLANG_WARN_INT_CONVERSION = YES;
				CLANG_WARN_OBJC_ROOT_CLASS = YES_ERROR;
				CLANG_WARN_UNREACHABLE_CODE = YES;
				CLANG_WARN__DUPLICATE_METHOD_MATCH = YES;
				"CODE_SIGN_IDENTITY[sdk=iphoneos*]" = "iPhone Developer";
				COPY_PHASE_STRIP = NO;
				DEBUG_INFORMATION_FORMAT = "dwarf-with-dsym";
				ENABLE_STRICT_OBJC_MSGSEND = YES;
				GCC_C_LANGUAGE_STANDARD = gnu99;
				GCC_DYNAMIC_NO_PIC = NO;
				GCC_NO_COMMON_BLOCKS = YES;
				GCC_OPTIMIZATION_LEVEL = 0;
				GCC_PREPROCESSOR_DEFINITIONS = (
					"DEBUG=1",
					"$(inherited)",
				);
				GCC_SYMBOLS_PRIVATE_EXTERN = NO;
				GCC_WARN_64_TO_32_BIT_CONVERSION = YES;
				GCC_WARN_ABOUT_RETURN_TYPE = YES_ERROR;
				GCC_WARN_UNDECLARED_SELECTOR = YES;
				GCC_WARN_UNINITIALIZED_AUTOS = YES_AGGRESSIVE;
				GCC_WARN_UNUSED_FUNCTION = YES;
				GCC_WARN_UNUSED_VARIABLE = YES;
				IPHONEOS_DEPLOYMENT_TARGET = 8.4;
				MTL_ENABLE_DEBUG_INFO = YES;
				ONLY_ACTIVE_ARCH = YES;
				SDKROOT = iphoneos;
				SWIFT_OPTIMIZATION_LEVEL = "-Onone";
				SWIFT_VERSION = 5.0;
			};
			name = Debug;
		};
		A260D7CF1B8928C4007184F7 /* Release */ = {
			isa = XCBuildConfiguration;
			buildSettings = {
				ALWAYS_SEARCH_USER_PATHS = NO;
				CLANG_CXX_LANGUAGE_STANDARD = "gnu++0x";
				CLANG_CXX_LIBRARY = "libc++";
				CLANG_ENABLE_MODULES = YES;
				CLANG_ENABLE_OBJC_ARC = YES;
				CLANG_WARN_BOOL_CONVERSION = YES;
				CLANG_WARN_CONSTANT_CONVERSION = YES;
				CLANG_WARN_DIRECT_OBJC_ISA_USAGE = YES_ERROR;
				CLANG_WARN_EMPTY_BODY = YES;
				CLANG_WARN_ENUM_CONVERSION = YES;
				CLANG_WARN_INT_CONVERSION = YES;
				CLANG_WARN_OBJC_ROOT_CLASS = YES_ERROR;
				CLANG_WARN_UNREACHABLE_CODE = YES;
				CLANG_WARN__DUPLICATE_METHOD_MATCH = YES;
				"CODE_SIGN_IDENTITY[sdk=iphoneos*]" = "iPhone Developer";
				COPY_PHASE_STRIP = NO;
				DEBUG_INFORMATION_FORMAT = "dwarf-with-dsym";
				ENABLE_NS_ASSERTIONS = NO;
				ENABLE_STRICT_OBJC_MSGSEND = YES;
				GCC_C_LANGUAGE_STANDARD = gnu99;
				GCC_NO_COMMON_BLOCKS = YES;
				GCC_WARN_64_TO_32_BIT_CONVERSION = YES;
				GCC_WARN_ABOUT_RETURN_TYPE = YES_ERROR;
				GCC_WARN_UNDECLARED_SELECTOR = YES;
				GCC_WARN_UNINITIALIZED_AUTOS = YES_AGGRESSIVE;
				GCC_WARN_UNUSED_FUNCTION = YES;
				GCC_WARN_UNUSED_VARIABLE = YES;
				IPHONEOS_DEPLOYMENT_TARGET = 8.4;
				MTL_ENABLE_DEBUG_INFO = NO;
				SDKROOT = iphoneos;
				SWIFT_VERSION = 5.0;
				VALIDATE_PRODUCT = YES;
			};
			name = Release;
		};
		A260D7D11B8928C4007184F7 /* Debug */ = {
			isa = XCBuildConfiguration;
			baseConfigurationReference = 4BCA4882994CF2D3304829AF /* Pods-HermitFinal.debug.xcconfig */;
			buildSettings = {
				ASSETCATALOG_COMPILER_APPICON_NAME = AppIcon;
				CODE_SIGN_IDENTITY = "Apple Development";
				"CODE_SIGN_IDENTITY[sdk=iphoneos*]" = "iPhone Developer";
				CODE_SIGN_STYLE = Automatic;
				DEVELOPMENT_TEAM = "";
				ENABLE_BITCODE = YES;
				FRAMEWORK_SEARCH_PATHS = (
					"$(inherited)",
					"$(PROJECT_DIR)",
					"$(PROJECT_DIR)/HermitFinal",
				);
				INFOPLIST_FILE = HermitFinal/Info.plist;
				IPHONEOS_DEPLOYMENT_TARGET = 8.4;
				LD_RUNPATH_SEARCH_PATHS = "$(inherited) @executable_path/Frameworks";
				PRODUCT_BUNDLE_IDENTIFIER = app.jpaul.Hermit;
				PRODUCT_NAME = "$(TARGET_NAME)";
				PROVISIONING_PROFILE = "";
				PROVISIONING_PROFILE_SPECIFIER = "";
				SWIFT_VERSION = 5.0;
			};
			name = Debug;
		};
		A260D7D21B8928C4007184F7 /* Release */ = {
			isa = XCBuildConfiguration;
			baseConfigurationReference = 6B993F9F823E1EECF990B5B8 /* Pods-HermitFinal.release.xcconfig */;
			buildSettings = {
				ASSETCATALOG_COMPILER_APPICON_NAME = AppIcon;
				CODE_SIGN_IDENTITY = "Apple Development";
				"CODE_SIGN_IDENTITY[sdk=iphoneos*]" = "iPhone Developer";
				CODE_SIGN_STYLE = Automatic;
				DEVELOPMENT_TEAM = "";
				ENABLE_BITCODE = YES;
				FRAMEWORK_SEARCH_PATHS = (
					"$(inherited)",
					"$(PROJECT_DIR)",
					"$(PROJECT_DIR)/HermitFinal",
				);
				INFOPLIST_FILE = HermitFinal/Info.plist;
				IPHONEOS_DEPLOYMENT_TARGET = 8.4;
				LD_RUNPATH_SEARCH_PATHS = "$(inherited) @executable_path/Frameworks";
				PRODUCT_BUNDLE_IDENTIFIER = app.jpaul.Hermit;
				PRODUCT_NAME = "$(TARGET_NAME)";
				PROVISIONING_PROFILE = "";
				PROVISIONING_PROFILE_SPECIFIER = "";
				SWIFT_VERSION = 5.0;
			};
			name = Release;
		};
/* End XCBuildConfiguration section */

/* Begin XCConfigurationList section */
		A260D7AC1B8928C4007184F7 /* Build configuration list for PBXProject "HermitFinal" */ = {
			isa = XCConfigurationList;
			buildConfigurations = (
				A260D7CE1B8928C4007184F7 /* Debug */,
				A260D7CF1B8928C4007184F7 /* Release */,
			);
			defaultConfigurationIsVisible = 0;
			defaultConfigurationName = Release;
		};
		A260D7D01B8928C4007184F7 /* Build configuration list for PBXNativeTarget "HermitFinal" */ = {
			isa = XCConfigurationList;
			buildConfigurations = (
				A260D7D11B8928C4007184F7 /* Debug */,
				A260D7D21B8928C4007184F7 /* Release */,
			);
			defaultConfigurationIsVisible = 0;
			defaultConfigurationName = Release;
		};
/* End XCConfigurationList section */
	};
	rootObject = A260D7A91B8928C4007184F7 /* Project object */;
}
